{
  "lockfile_version": "1",
  "packages": {
    "git": {
      "resolved": "github:NixOS/nixpkgs/3fbab70c6e69c87ea2b6e48aa6629da2aa6a23b0#git",
      "source": "nixpkg"
    },
    "github:NixOS/nixpkgs/nixpkgs-unstable": {
      "last_modified": "2026-01-12T00:44:08Z",
      "resolved": "github:NixOS/nixpkgs/3fbab70c6e69c87ea2b6e48aa6629da2aa6a23b0?lastModified=1768178648"
    },
    "nodejs@20": {
      "last_modified": "2026-01-01T13:17:10Z",
      "plugin_version": "0.0.2",
      "resolved": "github:NixOS/nixpkgs/76eec3925eb9bbe193934987d3285473dbcfad50#nodejs_20",
      "source": "devbox-search",
      "version": "20.19.6",
      "systems": {
        "aarch64-darwin": {
          "outputs": [
            {
              "name": "out",
              "path": "/nix/store/4zsj5qcmdgbs33fcgzm6v2h4bv4zz7p4-nodejs-20.19.6",
              "default": true
            },
            {
              "name": "dev",
              "path": "/nix/store/2v5451xillx5693ncd73hnky5y9g1kn4-nodejs-20.19.6-dev"
            },
            {
              "name": "libv8",
              "path": "/nix/store/halb86z5220y48903xzixz2l5xbri7mv-nodejs-20.19.6-libv8"
            }
          ],
          "store_path": "/nix/store/4zsj5qcmdgbs33fcgzm6v2h4bv4zz7p4-nodejs-20.19.6"
        },
        "aarch64-linux": {
          "outputs": [
            {
              "name": "out",
              "path": "/nix/store/20pydyi9r2xag15xh4hc04fh3qrm8qgf-nodejs-20.19.6",
              "default": true
            },
            {
              "name": "dev",
              "path": "/nix/store/5321ixqgg0vmsyjwhs6gfn3q7kyjh8hf-nodejs-20.19.6-dev"
            },
            {
              "name": "libv8",
              "path": "/nix/store/yl32anby0d6hcx0mgq30aqg6hggyalqs-nodejs-20.19.6-libv8"
            }
          ],
          "store_path": "/nix/store/20pydyi9r2xag15xh4hc04fh3qrm8qgf-nodejs-20.19.6"
        },
        "x86_64-darwin": {
          "outputs": [
            {
              "name": "out",
              "path": "/nix/store/wnvypvf376m0nrh3krh3mdkv6597lkj0-nodejs-20.19.6",
              "default": true
            },
            {
              "name": "dev",
              "path": "/nix/store/43vxm8baj1gz2cflnc84j8glqp02mp07-nodejs-20.19.6-dev"
            },
            {
              "name": "libv8",
              "path": "/nix/store/3infmvi63w1cbm3i0gayqdrmwgvxdcwb-nodejs-20.19.6-libv8"
            }
          ],
          "store_path": "/nix/store/wnvypvf376m0nrh3krh3mdkv6597lkj0-nodejs-20.19.6"
        },
        "x86_64-linux": {
          "outputs": [
            {
              "name": "out",
              "path": "/nix/store/5d8li5z6br157w3rckhbnjvq7iwlwj8p-nodejs-20.19.6",
              "default": true
            },
            {
              "name": "dev",
              "path": "/nix/store/rg3i4b51n02rq3i79fnr80nv67xrlhd9-nodejs-20.19.6-dev"
            },
            {
              "name": "libv8",
              "path": "/nix/store/x2v14n3gnin44vjd8yh8i29m9mnr9r05-nodejs-20.19.6-libv8"
            }
          ],
          "store_path": "/nix/store/5d8li5z6br157w3rckhbnjvq7iwlwj8p-nodejs-20.19.6"
        }
      }
    }
  }
}
